// !$*UTF8*$!
{
	archiveVersion = 1;
	classes = {
	};
	objectVersion = 56;
	objects = {

/* Begin PBXBuildFile section */
		7EBED69730610237D16F44AB /* Pods_ScrumdingerDemo.framework in Frameworks */ = {isa = PBXBuildFile; fileRef = 40D230C8261E3F37ED45C767 /* Pods_ScrumdingerDemo.framework */; };
		C717D2CA2A42316F00E196CC /* CardView.swift in Sources */ = {isa = PBXBuildFile; fileRef = C717D2C12A42316F00E196CC /* CardView.swift */; };
		C717D2CB2A42316F00E196CC /* MeetingView.swift in Sources */ = {isa = PBXBuildFile; fileRef = C717D2C22A42316F00E196CC /* MeetingView.swift */; };
		C717D2CC2A42316F00E196CC /* MeetingHeaderView.swift in Sources */ = {isa = PBXBuildFile; fileRef = C717D2C32A42316F00E196CC /* MeetingHeaderView.swift */; };
		C717D2CD2A42316F00E196CC /* ScrumsView.swift in Sources */ = {isa = PBXBuildFile; fileRef = C717D2C42A42316F00E196CC /* ScrumsView.swift */; };
		C717D2CE2A42316F00E196CC /* ThemeView.swift in Sources */ = {isa = PBXBuildFile; fileRef = C717D2C52A42316F00E196CC /* ThemeView.swift */; };
		C717D2CF2A42316F00E196CC /* ThemePicker.swift in Sources */ = {isa = PBXBuildFile; fileRef = C717D2C62A42316F00E196CC /* ThemePicker.swift */; };
		C717D2D02A42316F00E196CC /* MeetingFooterView.swift in Sources */ = {isa = PBXBuildFile; fileRef = C717D2C72A42316F00E196CC /* MeetingFooterView.swift */; };
		C717D2D12A42316F00E196CC /* DetailView.swift in Sources */ = {isa = PBXBuildFile; fileRef = C717D2C82A42316F00E196CC /* DetailView.swift */; };
		C717D2D22A42316F00E196CC /* DetailEditView.swift in Sources */ = {isa = PBXBuildFile; fileRef = C717D2C92A42316F00E196CC /* DetailEditView.swift */; };
		C717D2D42A42318500E196CC /* AVPlayer+Ding.swift in Sources */ = {isa = PBXBuildFile; fileRef = C717D2D32A42318500E196CC /* AVPlayer+Ding.swift */; };
		C717D2D72A4231F100E196CC /* ding.wav in Resources */ = {isa = PBXBuildFile; fileRef = C717D2D62A4231F100E196CC /* ding.wav */; };
		C717D2D92A42333A00E196CC /* DetailAddView.swift in Sources */ = {isa = PBXBuildFile; fileRef = C717D2D82A42333A00E196CC /* DetailAddView.swift */; };
		C726A1BF2A422B110006EC3F /* ScrumTimer.swift in Sources */ = {isa = PBXBuildFile; fileRef = C726A1BE2A422B110006EC3F /* ScrumTimer.swift */; };
		C7CB71832A40267F000984EB /* ScrumdingerApp.swift in Sources */ = {isa = PBXBuildFile; fileRef = C7CB71822A40267F000984EB /* ScrumdingerApp.swift */; };
		C7CB71872A40268A000984EB /* Assets.xcassets in Resources */ = {isa = PBXBuildFile; fileRef = C7CB71862A40268A000984EB /* Assets.xcassets */; };
		C7CB718A2A40268A000984EB /* Preview Assets.xcassets in Resources */ = {isa = PBXBuildFile; fileRef = C7CB71892A40268A000984EB /* Preview Assets.xcassets */; };
		C7DC73AA2A40BA27009B21A9 /* Theme.swift in Sources */ = {isa = PBXBuildFile; fileRef = C7DC73A92A40BA27009B21A9 /* Theme.swift */; };
		C7DC73AC2A40BA5A009B21A9 /* DailyScrum.swift in Sources */ = {isa = PBXBuildFile; fileRef = C7DC73AB2A40BA5A009B21A9 /* DailyScrum.swift */; };
		C7DC73B02A40BD56009B21A9 /* TrailingIconLabelStyle.swift in Sources */ = {isa = PBXBuildFile; fileRef = C7DC73AF2A40BD56009B21A9 /* TrailingIconLabelStyle.swift */; };
/* End PBXBuildFile section */

/* Begin PBXFileReference section */
		1C177ADE943FCD50FAED0FD3 /* Pods-ScrumdingerDemo.debug.xcconfig */ = {isa = PBXFileReference; includeInIndex = 1; lastKnownFileType = text.xcconfig; name = "Pods-ScrumdingerDemo.debug.xcconfig"; path = "Target Support Files/Pods-ScrumdingerDemo/Pods-ScrumdingerDemo.debug.xcconfig"; sourceTree = "<group>"; };
		40D230C8261E3F37ED45C767 /* Pods_ScrumdingerDemo.framework */ = {isa = PBXFileReference; explicitFileType = wrapper.framework; includeInIndex = 0; path = Pods_ScrumdingerDemo.framework; sourceTree = BUILT_PRODUCTS_DIR; };
		5AFEAFFC98423737F263EC67 /* Pods-ScrumdingerDemo.release.xcconfig */ = {isa = PBXFileReference; includeInIndex = 1; lastKnownFileType = text.xcconfig; name = "Pods-ScrumdingerDemo.release.xcconfig"; path = "Target Support Files/Pods-ScrumdingerDemo/Pods-ScrumdingerDemo.release.xcconfig"; sourceTree = "<group>"; };
		C717D2C12A42316F00E196CC /* CardView.swift */ = {isa = PBXFileReference; fileEncoding = 4; lastKnownFileType = sourcecode.swift; path = CardView.swift; sourceTree = "<group>"; };
		C717D2C22A42316F00E196CC /* MeetingView.swift */ = {isa = PBXFileReference; fileEncoding = 4; lastKnownFileType = sourcecode.swift; path = MeetingView.swift; sourceTree = "<group>"; };
		C717D2C32A42316F00E196CC /* MeetingHeaderView.swift */ = {isa = PBXFileReference; fileEncoding = 4; lastKnownFileType = sourcecode.swift; path = MeetingHeaderView.swift; sourceTree = "<group>"; };
		C717D2C42A42316F00E196CC /* ScrumsView.swift */ = {isa = PBXFileReference; fileEncoding = 4; lastKnownFileType = sourcecode.swift; path = ScrumsView.swift; sourceTree = "<group>"; };
		C717D2C52A42316F00E196CC /* ThemeView.swift */ = {isa = PBXFileReference; fileEncoding = 4; lastKnownFileType = sourcecode.swift; path = ThemeView.swift; sourceTree = "<group>"; };
		C717D2C62A42316F00E196CC /* ThemePicker.swift */ = {isa = PBXFileReference; fileEncoding = 4; lastKnownFileType = sourcecode.swift; path = ThemePicker.swift; sourceTree = "<group>"; };
		C717D2C72A42316F00E196CC /* MeetingFooterView.swift */ = {isa = PBXFileReference; fileEncoding = 4; lastKnownFileType = sourcecode.swift; path = MeetingFooterView.swift; sourceTree = "<group>"; };
		C717D2C82A42316F00E196CC /* DetailView.swift */ = {isa = PBXFileReference; fileEncoding = 4; lastKnownFileType = sourcecode.swift; path = DetailView.swift; sourceTree = "<group>"; };
		C717D2C92A42316F00E196CC /* DetailEditView.swift */ = {isa = PBXFileReference; fileEncoding = 4; lastKnownFileType = sourcecode.swift; path = DetailEditView.swift; sourceTree = "<group>"; };
		C717D2D32A42318500E196CC /* AVPlayer+Ding.swift */ = {isa = PBXFileReference; fileEncoding = 4; lastKnownFileType = sourcecode.swift; path = "AVPlayer+Ding.swift"; sourceTree = "<group>"; };
		C717D2D62A4231F100E196CC /* ding.wav */ = {isa = PBXFileReference; lastKnownFileType = audio.wav; path = ding.wav; sourceTree = "<group>"; };
		C717D2D82A42333A00E196CC /* DetailAddView.swift */ = {isa = PBXFileReference; lastKnownFileType = sourcecode.swift; path = DetailAddView.swift; sourceTree = "<group>"; };
		C726A1BE2A422B110006EC3F /* ScrumTimer.swift */ = {isa = PBXFileReference; lastKnownFileType = sourcecode.swift; path = ScrumTimer.swift; sourceTree = "<group>"; };
		C7CB717F2A40267F000984EB /* ScrumdingerDemo.app */ = {isa = PBXFileReference; explicitFileType = wrapper.application; includeInIndex = 0; path = ScrumdingerDemo.app; sourceTree = BUILT_PRODUCTS_DIR; };
		C7CB71822A40267F000984EB /* ScrumdingerApp.swift */ = {isa = PBXFileReference; lastKnownFileType = sourcecode.swift; path = ScrumdingerApp.swift; sourceTree = "<group>"; };
		C7CB71862A40268A000984EB /* Assets.xcassets */ = {isa = PBXFileReference; lastKnownFileType = folder.assetcatalog; path = Assets.xcassets; sourceTree = "<group>"; };
		C7CB71892A40268A000984EB /* Preview Assets.xcassets */ = {isa = PBXFileReference; lastKnownFileType = folder.assetcatalog; path = "Preview Assets.xcassets"; sourceTree = "<group>"; };
		C7DC73A92A40BA27009B21A9 /* Theme.swift */ = {isa = PBXFileReference; lastKnownFileType = sourcecode.swift; path = Theme.swift; sourceTree = "<group>"; };
		C7DC73AB2A40BA5A009B21A9 /* DailyScrum.swift */ = {isa = PBXFileReference; lastKnownFileType = sourcecode.swift; path = DailyScrum.swift; sourceTree = "<group>"; };
		C7DC73AF2A40BD56009B21A9 /* TrailingIconLabelStyle.swift */ = {isa = PBXFileReference; lastKnownFileType = sourcecode.swift; path = TrailingIconLabelStyle.swift; sourceTree = "<group>"; };
		C7E0C52F2A4353450085D95E /* Info.plist */ = {isa = PBXFileReference; lastKnownFileType = text.plist; path = Info.plist; sourceTree = "<group>"; };
/* End PBXFileReference section */

/* Begin PBXFrameworksBuildPhase section */
		C7CB717C2A40267F000984EB /* Frameworks */ = {
			isa = PBXFrameworksBuildPhase;
			buildActionMask = 2147483647;
			files = (
				7EBED69730610237D16F44AB /* Pods_ScrumdingerDemo.framework in Frameworks */,
			);
			runOnlyForDeploymentPostprocessing = 0;
		};
/* End PBXFrameworksBuildPhase section */

/* Begin PBXGroup section */
		1D30F075B18D43A3EE0801FF /* Pods */ = {
			isa = PBXGroup;
			children = (
				1C177ADE943FCD50FAED0FD3 /* Pods-ScrumdingerDemo.debug.xcconfig */,
				5AFEAFFC98423737F263EC67 /* Pods-ScrumdingerDemo.release.xcconfig */,
			);
			name = Pods;
			path = Pods;
			sourceTree = "<group>";
		};
		547D8EFC3AA2B7101000F58E /* Frameworks */ = {
			isa = PBXGroup;
			children = (
				40D230C8261E3F37ED45C767 /* Pods_ScrumdingerDemo.framework */,
			);
			name = Frameworks;
			sourceTree = "<group>";
		};
		C717D2C02A42316F00E196CC /* Views */ = {
			isa = PBXGroup;
			children = (
				C717D2C12A42316F00E196CC /* CardView.swift */,
				C717D2C22A42316F00E196CC /* MeetingView.swift */,
				C717D2D82A42333A00E196CC /* DetailAddView.swift */,
				C717D2C32A42316F00E196CC /* MeetingHeaderView.swift */,
				C717D2C42A42316F00E196CC /* ScrumsView.swift */,
				C717D2C52A42316F00E196CC /* ThemeView.swift */,
				C717D2C62A42316F00E196CC /* ThemePicker.swift */,
				C717D2C72A42316F00E196CC /* MeetingFooterView.swift */,
				C717D2C82A42316F00E196CC /* DetailView.swift */,
				C717D2C92A42316F00E196CC /* DetailEditView.swift */,
			);
			path = Views;
			sourceTree = "<group>";
		};
		C717D2D52A4231F100E196CC /* Resources */ = {
			isa = PBXGroup;
			children = (
				C717D2D62A4231F100E196CC /* ding.wav */,
			);
			path = Resources;
			sourceTree = "<group>";
		};
		C7CB71762A40267F000984EB = {
			isa = PBXGroup;
			children = (
				C7CB71812A40267F000984EB /* ScrumdingerDemo */,
				C7CB71802A40267F000984EB /* Products */,
				1D30F075B18D43A3EE0801FF /* Pods */,
				547D8EFC3AA2B7101000F58E /* Frameworks */,
			);
			sourceTree = "<group>";
		};
		C7CB71802A40267F000984EB /* Products */ = {
			isa = PBXGroup;
			children = (
				C7CB717F2A40267F000984EB /* ScrumdingerDemo.app */,
			);
			name = Products;
			sourceTree = "<group>";
		};
		C7CB71812A40267F000984EB /* ScrumdingerDemo */ = {
			isa = PBXGroup;
			children = (
				C7E0C52F2A4353450085D95E /* Info.plist */,
				C717D2D52A4231F100E196CC /* Resources */,
				C717D2C02A42316F00E196CC /* Views */,
				C7DC73A82A40B93A009B21A9 /* Models */,
				C7CB71822A40267F000984EB /* ScrumdingerApp.swift */,
				C7CB71862A40268A000984EB /* Assets.xcassets */,
				C7CB71882A40268A000984EB /* Preview Content */,
				C7DC73AF2A40BD56009B21A9 /* TrailingIconLabelStyle.swift */,
			);
			path = ScrumdingerDemo;
			sourceTree = "<group>";
		};
		C7CB71882A40268A000984EB /* Preview Content */ = {
			isa = PBXGroup;
			children = (
				C7CB71892A40268A000984EB /* Preview Assets.xcassets */,
			);
			path = "Preview Content";
			sourceTree = "<group>";
		};
		C7DC73A82A40B93A009B21A9 /* Models */ = {
			isa = PBXGroup;
			children = (
				C717D2D32A42318500E196CC /* AVPlayer+Ding.swift */,
				C7DC73A92A40BA27009B21A9 /* Theme.swift */,
				C7DC73AB2A40BA5A009B21A9 /* DailyScrum.swift */,
				C726A1BE2A422B110006EC3F /* ScrumTimer.swift */,
			);
			path = Models;
			sourceTree = "<group>";
		};
/* End PBXGroup section */

/* Begin PBXNativeTarget section */
		C7CB717E2A40267F000984EB /* ScrumdingerDemo */ = {
			isa = PBXNativeTarget;
			buildConfigurationList = C7CB718D2A40268A000984EB /* Build configuration list for PBXNativeTarget "ScrumdingerDemo" */;
			buildPhases = (
				CAF84075045ECFC4EF04062B /* [CP] Check Pods Manifest.lock */,
				C7CB717B2A40267F000984EB /* Sources */,
				C7CB717C2A40267F000984EB /* Frameworks */,
				C7CB717D2A40267F000984EB /* Resources */,
				8A3C220970F65339E2D14829 /* [CP] Embed Pods Frameworks */,
			);
			buildRules = (
			);
			dependencies = (
			);
			name = ScrumdingerDemo;
			productName = Scrumdinger;
			productReference = C7CB717F2A40267F000984EB /* ScrumdingerDemo.app */;
			productType = "com.apple.product-type.application";
		};
/* End PBXNativeTarget section */

/* Begin PBXProject section */
		C7CB71772A40267F000984EB /* Project object */ = {
			isa = PBXProject;
			attributes = {
				BuildIndependentTargetsInParallel = 1;
				LastSwiftUpdateCheck = 1430;
				LastUpgradeCheck = 1430;
				TargetAttributes = {
					C7CB717E2A40267F000984EB = {
						CreatedOnToolsVersion = 14.3;
					};
				};
			};
			buildConfigurationList = C7CB717A2A40267F000984EB /* Build configuration list for PBXProject "ScrumdingerDemo" */;
			compatibilityVersion = "Xcode 14.0";
			developmentRegion = en;
			hasScannedForEncodings = 0;
			knownRegions = (
				en,
				Base,
			);
			mainGroup = C7CB71762A40267F000984EB;
			productRefGroup = C7CB71802A40267F000984EB /* Products */;
			projectDirPath = "";
			projectRoot = "";
			targets = (
				C7CB717E2A40267F000984EB /* ScrumdingerDemo */,
			);
		};
/* End PBXProject section */

/* Begin PBXResourcesBuildPhase section */
		C7CB717D2A40267F000984EB /* Resources */ = {
			isa = PBXResourcesBuildPhase;
			buildActionMask = 2147483647;
			files = (
				C717D2D72A4231F100E196CC /* ding.wav in Resources */,
				C7CB718A2A40268A000984EB /* Preview Assets.xcassets in Resources */,
				C7CB71872A40268A000984EB /* Assets.xcassets in Resources */,
			);
			runOnlyForDeploymentPostprocessing = 0;
		};
/* End PBXResourcesBuildPhase section */

/* Begin PBXShellScriptBuildPhase section */
		8A3C220970F65339E2D14829 /* [CP] Embed Pods Frameworks */ = {
			isa = PBXShellScriptBuildPhase;
			buildActionMask = 2147483647;
			files = (
			);
			inputFileListPaths = (
				"${PODS_ROOT}/Target Support Files/Pods-ScrumdingerDemo/Pods-ScrumdingerDemo-frameworks-${CONFIGURATION}-input-files.xcfilelist",
			);
			name = "[CP] Embed Pods Frameworks";
			outputFileListPaths = (
				"${PODS_ROOT}/Target Support Files/Pods-ScrumdingerDemo/Pods-ScrumdingerDemo-frameworks-${CONFIGURATION}-output-files.xcfilelist",
			);
			runOnlyForDeploymentPostprocessing = 0;
			shellPath = /bin/sh;
			shellScript = "\"${PODS_ROOT}/Target Support Files/Pods-ScrumdingerDemo/Pods-ScrumdingerDemo-frameworks.sh\"\n";
			showEnvVarsInLog = 0;
		};
		CAF84075045ECFC4EF04062B /* [CP] Check Pods Manifest.lock */ = {
			isa = PBXShellScriptBuildPhase;
			buildActionMask = 2147483647;
			files = (
			);
			inputFileListPaths = (
			);
			inputPaths = (
				"${PODS_PODFILE_DIR_PATH}/Podfile.lock",
				"${PODS_ROOT}/Manifest.lock",
			);
			name = "[CP] Check Pods Manifest.lock";
			outputFileListPaths = (
			);
			outputPaths = (
				"$(DERIVED_FILE_DIR)/Pods-ScrumdingerDemo-checkManifestLockResult.txt",
			);
			runOnlyForDeploymentPostprocessing = 0;
			shellPath = /bin/sh;
			shellScript = "diff \"${PODS_PODFILE_DIR_PATH}/Podfile.lock\" \"${PODS_ROOT}/Manifest.lock\" > /dev/null\nif [ $? != 0 ] ; then\n    # print error to STDERR\n    echo \"error: The sandbox is not in sync with the Podfile.lock. Run 'pod install' or update your CocoaPods installation.\" >&2\n    exit 1\nfi\n# This output is used by Xcode 'outputs' to avoid re-running this script phase.\necho \"SUCCESS\" > \"${SCRIPT_OUTPUT_FILE_0}\"\n";
			showEnvVarsInLog = 0;
		};
/* End PBXShellScriptBuildPhase section */

/* Begin PBXSourcesBuildPhase section */
		C7CB717B2A40267F000984EB /* Sources */ = {
			isa = PBXSourcesBuildPhase;
			buildActionMask = 2147483647;
			files = (
				C717D2CF2A42316F00E196CC /* ThemePicker.swift in Sources */,
				C7DC73AC2A40BA5A009B21A9 /* DailyScrum.swift in Sources */,
				C717D2CD2A42316F00E196CC /* ScrumsView.swift in Sources */,
				C7DC73B02A40BD56009B21A9 /* TrailingIconLabelStyle.swift in Sources */,
				C717D2D42A42318500E196CC /* AVPlayer+Ding.swift in Sources */,
				C717D2D92A42333A00E196CC /* DetailAddView.swift in Sources */,
				C7DC73AA2A40BA27009B21A9 /* Theme.swift in Sources */,
				C717D2D02A42316F00E196CC /* MeetingFooterView.swift in Sources */,
				C7CB71832A40267F000984EB /* ScrumdingerApp.swift in Sources */,
				C717D2D12A42316F00E196CC /* DetailView.swift in Sources */,
				C717D2CA2A42316F00E196CC /* CardView.swift in Sources */,
				C717D2D22A42316F00E196CC /* DetailEditView.swift in Sources */,
				C726A1BF2A422B110006EC3F /* ScrumTimer.swift in Sources */,
				C717D2CB2A42316F00E196CC /* MeetingView.swift in Sources */,
				C717D2CE2A42316F00E196CC /* ThemeView.swift in Sources */,
				C717D2CC2A42316F00E196CC /* MeetingHeaderView.swift in Sources */,
			);
			runOnlyForDeploymentPostprocessing = 0;
		};
/* End PBXSourcesBuildPhase section */

/* Begin XCBuildConfiguration section */
		C7CB718B2A40268A000984EB /* Debug */ = {
			isa = XCBuildConfiguration;
			buildSettings = {
				ALWAYS_SEARCH_USER_PATHS = NO;
				CLANG_ANALYZER_NONNULL = YES;
				CLANG_ANALYZER_NUMBER_OBJECT_CONVERSION = YES_AGGRESSIVE;
				CLANG_CXX_LANGUAGE_STANDARD = "gnu++20";
				CLANG_ENABLE_MODULES = YES;
				CLANG_ENABLE_OBJC_ARC = YES;
				CLANG_ENABLE_OBJC_WEAK = YES;
				CLANG_WARN_BLOCK_CAPTURE_AUTORELEASING = YES;
				CLANG_WARN_BOOL_CONVERSION = YES;
				CLANG_WARN_COMMA = YES;
				CLANG_WARN_CONSTANT_CONVERSION = YES;
				CLANG_WARN_DEPRECATED_OBJC_IMPLEMENTATIONS = YES;
				CLANG_WARN_DIRECT_OBJC_ISA_USAGE = YES_ERROR;
				CLANG_WARN_DOCUMENTATION_COMMENTS = YES;
				CLANG_WARN_EMPTY_BODY = YES;
				CLANG_WARN_ENUM_CONVERSION = YES;
				CLANG_WARN_INFINITE_RECURSION = YES;
				CLANG_WARN_INT_CONVERSION = YES;
				CLANG_WARN_NON_LITERAL_NULL_CONVERSION = YES;
				CLANG_WARN_OBJC_IMPLICIT_RETAIN_SELF = YES;
				CLANG_WARN_OBJC_LITERAL_CONVERSION = YES;
				CLANG_WARN_OBJC_ROOT_CLASS = YES_ERROR;
				CLANG_WARN_QUOTED_INCLUDE_IN_FRAMEWORK_HEADER = YES;
				CLANG_WARN_RANGE_LOOP_ANALYSIS = YES;
				CLANG_WARN_STRICT_PROTOTYPES = YES;
				CLANG_WARN_SUSPICIOUS_MOVE = YES;
				CLANG_WARN_UNGUARDED_AVAILABILITY = YES_AGGRESSIVE;
				CLANG_WARN_UNREACHABLE_CODE = YES;
				CLANG_WARN__DUPLICATE_METHOD_MATCH = YES;
				COPY_PHASE_STRIP = NO;
				DEBUG_INFORMATION_FORMAT = dwarf;
				ENABLE_STRICT_OBJC_MSGSEND = YES;
				ENABLE_TESTABILITY = YES;
				GCC_C_LANGUAGE_STANDARD = gnu11;
				GCC_DYNAMIC_NO_PIC = NO;
				GCC_NO_COMMON_BLOCKS = YES;
				GCC_OPTIMIZATION_LEVEL = 0;
				GCC_PREPROCESSOR_DEFINITIONS = (
					"DEBUG=1",
					"$(inherited)",
				);
				GCC_WARN_64_TO_32_BIT_CONVERSION = YES;
				GCC_WARN_ABOUT_RETURN_TYPE = YES_ERROR;
				GCC_WARN_UNDECLARED_SELECTOR = YES;
				GCC_WARN_UNINITIALIZED_AUTOS = YES_AGGRESSIVE;
				GCC_WARN_UNUSED_FUNCTION = YES;
				GCC_WARN_UNUSED_VARIABLE = YES;
				IPHONEOS_DEPLOYMENT_TARGET = 16.2;
				MTL_ENABLE_DEBUG_INFO = INCLUDE_SOURCE;
				MTL_FAST_MATH = YES;
				ONLY_ACTIVE_ARCH = YES;
				SDKROOT = iphoneos;
				SWIFT_ACTIVE_COMPILATION_CONDITIONS = DEBUG;
				SWIFT_OPTIMIZATION_LEVEL = "-Onone";
			};
			name = Debug;
		};
		C7CB718C2A40268A000984EB /* Release */ = {
			isa = XCBuildConfiguration;
			buildSettings = {
				ALWAYS_SEARCH_USER_PATHS = NO;
				CLANG_ANALYZER_NONNULL = YES;
				CLANG_ANALYZER_NUMBER_OBJECT_CONVERSION = YES_AGGRESSIVE;
				CLANG_CXX_LANGUAGE_STANDARD = "gnu++20";
				CLANG_ENABLE_MODULES = YES;
				CLANG_ENABLE_OBJC_ARC = YES;
				CLANG_ENABLE_OBJC_WEAK = YES;
				CLANG_WARN_BLOCK_CAPTURE_AUTORELEASING = YES;
				CLANG_WARN_BOOL_CONVERSION = YES;
				CLANG_WARN_COMMA = YES;
				CLANG_WARN_CONSTANT_CONVERSION = YES;
				CLANG_WARN_DEPRECATED_OBJC_IMPLEMENTATIONS = YES;
				CLANG_WARN_DIRECT_OBJC_ISA_USAGE = YES_ERROR;
				CLANG_WARN_DOCUMENTATION_COMMENTS = YES;
				CLANG_WARN_EMPTY_BODY = YES;
				CLANG_WARN_ENUM_CONVERSION = YES;
				CLANG_WARN_INFINITE_RECURSION = YES;
				CLANG_WARN_INT_CONVERSION = YES;
				CLANG_WARN_NON_LITERAL_NULL_CONVERSION = YES;
				CLANG_WARN_OBJC_IMPLICIT_RETAIN_SELF = YES;
				CLANG_WARN_OBJC_LITERAL_CONVERSION = YES;
				CLANG_WARN_OBJC_ROOT_CLASS = YES_ERROR;
				CLANG_WARN_QUOTED_INCLUDE_IN_FRAMEWORK_HEADER = YES;
				CLANG_WARN_RANGE_LOOP_ANALYSIS = YES;
				CLANG_WARN_STRICT_PROTOTYPES = YES;
				CLANG_WARN_SUSPICIOUS_MOVE = YES;
				CLANG_WARN_UNGUARDED_AVAILABILITY = YES_AGGRESSIVE;
				CLANG_WARN_UNREACHABLE_CODE = YES;
				CLANG_WARN__DUPLICATE_METHOD_MATCH = YES;
				COPY_PHASE_STRIP = NO;
				DEBUG_INFORMATION_FORMAT = "dwarf-with-dsym";
				ENABLE_NS_ASSERTIONS = NO;
				ENABLE_STRICT_OBJC_MSGSEND = YES;
				GCC_C_LANGUAGE_STANDARD = gnu11;
				GCC_NO_COMMON_BLOCKS = YES;
				GCC_WARN_64_TO_32_BIT_CONVERSION = YES;
				GCC_WARN_ABOUT_RETURN_TYPE = YES_ERROR;
				GCC_WARN_UNDECLARED_SELECTOR = YES;
				GCC_WARN_UNINITIALIZED_AUTOS = YES_AGGRESSIVE;
				GCC_WARN_UNUSED_FUNCTION = YES;
				GCC_WARN_UNUSED_VARIABLE = YES;
				IPHONEOS_DEPLOYMENT_TARGET = 16.2;
				MTL_ENABLE_DEBUG_INFO = NO;
				MTL_FAST_MATH = YES;
				SDKROOT = iphoneos;
				SWIFT_COMPILATION_MODE = wholemodule;
				SWIFT_OPTIMIZATION_LEVEL = "-O";
				VALIDATE_PRODUCT = YES;
			};
			name = Release;
		};
		C7CB718E2A40268A000984EB /* Debug */ = {
			isa = XCBuildConfiguration;
			baseConfigurationReference = 1C177ADE943FCD50FAED0FD3 /* Pods-ScrumdingerDemo.debug.xcconfig */;
			buildSettings = {
				ASSETCATALOG_COMPILER_APPICON_NAME = AppIcon;
				ASSETCATALOG_COMPILER_GLOBAL_ACCENT_COLOR_NAME = AccentColor;
				CODE_SIGN_STYLE = Automatic;
				CURRENT_PROJECT_VERSION = 1;
				DEVELOPMENT_ASSET_PATHS = "\"ScrumdingerDemo/Preview Content\"";
				DEVELOPMENT_TEAM = 476LPWUTHD;
				ENABLE_PREVIEWS = YES;
				GENERATE_INFOPLIST_FILE = YES;
				INFOPLIST_FILE = ScrumdingerDemo/Info.plist;
				INFOPLIST_KEY_UIApplicationSceneManifest_Generation = YES;
				INFOPLIST_KEY_UIApplicationSupportsIndirectInputEvents = YES;
				INFOPLIST_KEY_UILaunchScreen_Generation = YES;
				INFOPLIST_KEY_UISupportedInterfaceOrientations_iPad = "UIInterfaceOrientationPortrait UIInterfaceOrientationPortraitUpsideDown UIInterfaceOrientationLandscapeLeft UIInterfaceOrientationLandscapeRight";
				INFOPLIST_KEY_UISupportedInterfaceOrientations_iPhone = "UIInterfaceOrientationPortrait UIInterfaceOrientationLandscapeLeft UIInterfaceOrientationLandscapeRight";
				LD_RUNPATH_SEARCH_PATHS = (
					"$(inherited)",
					"@executable_path/Frameworks",
				);
				MARKETING_VERSION = 1.0;
				PRODUCT_BUNDLE_IDENTIFIER = de.selch.Scrumdinger;
				PRODUCT_NAME = "$(TARGET_NAME)";
				SWIFT_EMIT_LOC_STRINGS = YES;
				SWIFT_VERSION = 5.0;
				TARGETED_DEVICE_FAMILY = "1,2";
			};
			name = Debug;
		};
		C7CB718F2A40268A000984EB /* Release */ = {
			isa = XCBuildConfiguration;
			baseConfigurationReference = 5AFEAFFC98423737F263EC67 /* Pods-ScrumdingerDemo.release.xcconfig */;
			buildSettings = {
				ASSETCATALOG_COMPILER_APPICON_NAME = AppIcon;
				ASSETCATALOG_COMPILER_GLOBAL_ACCENT_COLOR_NAME = AccentColor;
				CODE_SIGN_STYLE = Automatic;
				CURRENT_PROJECT_VERSION = 1;
				DEVELOPMENT_ASSET_PATHS = "\"ScrumdingerDemo/Preview Content\"";
				DEVELOPMENT_TEAM = 476LPWUTHD;
				ENABLE_PREVIEWS = YES;
				GENERATE_INFOPLIST_FILE = YES;
				INFOPLIST_FILE = ScrumdingerDemo/Info.plist;
				INFOPLIST_KEY_UIApplicationSceneManifest_Generation = YES;
				INFOPLIST_KEY_UIApplicationSupportsIndirectInputEvents = YES;
				INFOPLIST_KEY_UILaunchScreen_Generation = YES;
				INFOPLIST_KEY_UISupportedInterfaceOrientations_iPad = "UIInterfaceOrientationPortrait UIInterfaceOrientationPortraitUpsideDown UIInterfaceOrientationLandscapeLeft UIInterfaceOrientationLandscapeRight";
				INFOPLIST_KEY_UISupportedInterfaceOrientations_iPhone = "UIInterfaceOrientationPortrait UIInterfaceOrientationLandscapeLeft UIInterfaceOrientationLandscapeRight";
				LD_RUNPATH_SEARCH_PATHS = (
					"$(inherited)",
					"@executable_path/Frameworks",
				);
				MARKETING_VERSION = 1.0;
				PRODUCT_BUNDLE_IDENTIFIER = de.selch.Scrumdinger;
				PRODUCT_NAME = "$(TARGET_NAME)";
				SWIFT_EMIT_LOC_STRINGS = YES;
				SWIFT_VERSION = 5.0;
				TARGETED_DEVICE_FAMILY = "1,2";
			};
			name = Release;
		};
/* End XCBuildConfiguration section */

/* Begin XCConfigurationList section */
		C7CB717A2A40267F000984EB /* Build configuration list for PBXProject "ScrumdingerDemo" */ = {
			isa = XCConfigurationList;
			buildConfigurations = (
				C7CB718B2A40268A000984EB /* Debug */,
				C7CB718C2A40268A000984EB /* Release */,
			);
			defaultConfigurationIsVisible = 0;
			defaultConfigurationName = Release;
		};
		C7CB718D2A40268A000984EB /* Build configuration list for PBXNativeTarget "ScrumdingerDemo" */ = {
			isa = XCConfigurationList;
			buildConfigurations = (
				C7CB718E2A40268A000984EB /* Debug */,
				C7CB718F2A40268A000984EB /* Release */,
			);
			defaultConfigurationIsVisible = 0;
			defaultConfigurationName = Release;
		};
/* End XCConfigurationList section */
	};
	rootObject = C7CB71772A40267F000984EB /* Project object */;
}
